
Microsoft Visual Studio Solution File, Format Version 12.00
# Visual Studio Version 17
VisualStudioVersion = 17.4.33213.308
MinimumVisualStudioVersion = 10.0.40219.1
Project("{9A19103F-16F7-4668-BE54-9A1E7A4F7556}") = "Everyday.API", "Everyday.API\Everyday.API.csproj", "{5E43D5E2-C6AA-4BCE-8460-0E0ADD2E1DD5}"
EndProject
Project("{FAE04EC0-301F-11D3-BF4B-00C04F79EFBC}") = "Everyday.Domain", "Everyday.Domain\Everyday.Domain.csproj", "{E47023CC-7E36-478B-BAD5-ACCD8BD14F75}"
EndProject
Project("{FAE04EC0-301F-11D3-BF4B-00C04F79EFBC}") = "Everyday.Application", "Everyday.Application\Everyday.Application.csproj", "{B640A1D5-5446-402A-B231-17D43ECA23DA}"
EndProject
Project("{FAE04EC0-301F-11D3-BF4B-00C04F79EFBC}") = "Everyday.Infrastructure", "Everyday.Infrastructure\Everyday.Infrastructure.csproj", "{1FF4C3F0-CB83-485A-86DE-DC90F315C629}"
EndProject
Project("{FAE04EC0-301F-11D3-BF4B-00C04F79EFBC}") = "Everyday.Persistence", "Everyday.Persistence\Everyday.Persistence.csproj", "{78E1ACD2-6551-48DD-AF24-8D522E65F454}"
EndProject
Project("{FAE04EC0-301F-11D3-BF4B-00C04F79EFBC}") = "Everyday.Tests", "Everyday.Tests\Everyday.Tests.csproj", "{7E3FD4A1-1783-476C-A10C-53CB090B5071}"
EndProject
Global
	GlobalSection(SolutionConfigurationPlatforms) = preSolution
		Debug|Any CPU = Debug|Any CPU
		Debug|ARM64 = Debug|ARM64
		Release|Any CPU = Release|Any CPU
		Release|ARM64 = Release|ARM64
	EndGlobalSection
	GlobalSection(ProjectConfigurationPlatforms) = postSolution
		{5E43D5E2-C6AA-4BCE-8460-0E0ADD2E1DD5}.Debug|Any CPU.ActiveCfg = Debug|Any CPU
		{5E43D5E2-C6AA-4BCE-8460-0E0ADD2E1DD5}.Debug|Any CPU.Build.0 = Debug|Any CPU
		{5E43D5E2-C6AA-4BCE-8460-0E0ADD2E1DD5}.Debug|ARM64.ActiveCfg = Debug|ARM64
		{5E43D5E2-C6AA-4BCE-8460-0E0ADD2E1DD5}.Debug|ARM64.Build.0 = Debug|ARM64
		{5E43D5E2-C6AA-4BCE-8460-0E0ADD2E1DD5}.Release|Any CPU.ActiveCfg = Release|Any CPU
		{5E43D5E2-C6AA-4BCE-8460-0E0ADD2E1DD5}.Release|Any CPU.Build.0 = Release|Any CPU
		{5E43D5E2-C6AA-4BCE-8460-0E0ADD2E1DD5}.Release|ARM64.ActiveCfg = Release|ARM64
		{5E43D5E2-C6AA-4BCE-8460-0E0ADD2E1DD5}.Release|ARM64.Build.0 = Release|ARM64
		{E47023CC-7E36-478B-BAD5-ACCD8BD14F75}.Debug|Any CPU.ActiveCfg = Debug|Any CPU
		{E47023CC-7E36-478B-BAD5-ACCD8BD14F75}.Debug|Any CPU.Build.0 = Debug|Any CPU
		{E47023CC-7E36-478B-BAD5-ACCD8BD14F75}.Debug|ARM64.ActiveCfg = Debug|Any CPU
		{E47023CC-7E36-478B-BAD5-ACCD8BD14F75}.Debug|ARM64.Build.0 = Debug|Any CPU
		{E47023CC-7E36-478B-BAD5-ACCD8BD14F75}.Release|Any CPU.ActiveCfg = Release|Any CPU
		{E47023CC-7E36-478B-BAD5-ACCD8BD14F75}.Release|Any CPU.Build.0 = Release|Any CPU
		{E47023CC-7E36-478B-BAD5-ACCD8BD14F75}.Release|ARM64.ActiveCfg = Release|Any CPU
		{E47023CC-7E36-478B-BAD5-ACCD8BD14F75}.Release|ARM64.Build.0 = Release|Any CPU
		{B640A1D5-5446-402A-B231-17D43ECA23DA}.Debug|Any CPU.ActiveCfg = Debug|Any CPU
		{B640A1D5-5446-402A-B231-17D43ECA23DA}.Debug|Any CPU.Build.0 = Debug|Any CPU
		{B640A1D5-5446-402A-B231-17D43ECA23DA}.Debug|ARM64.ActiveCfg = Debug|Any CPU
		{B640A1D5-5446-402A-B231-17D43ECA23DA}.Debug|ARM64.Build.0 = Debug|Any CPU
		{B640A1D5-5446-402A-B231-17D43ECA23DA}.Release|Any CPU.ActiveCfg = Release|Any CPU
		{B640A1D5-5446-402A-B231-17D43ECA23DA}.Release|Any CPU.Build.0 = Release|Any CPU
		{B640A1D5-5446-402A-B231-17D43ECA23DA}.Release|ARM64.ActiveCfg = Release|Any CPU
		{B640A1D5-5446-402A-B231-17D43ECA23DA}.Release|ARM64.Build.0 = Release|Any CPU
		{1FF4C3F0-CB83-485A-86DE-DC90F315C629}.Debug|Any CPU.ActiveCfg = Debug|Any CPU
		{1FF4C3F0-CB83-485A-86DE-DC90F315C629}.Debug|Any CPU.Build.0 = Debug|Any CPU
		{1FF4C3F0-CB83-485A-86DE-DC90F315C629}.Debug|ARM64.ActiveCfg = Debug|Any CPU
		{1FF4C3F0-CB83-485A-86DE-DC90F315C629}.Debug|ARM64.Build.0 = Debug|Any CPU
		{1FF4C3F0-CB83-485A-86DE-DC90F315C629}.Release|Any CPU.ActiveCfg = Release|Any CPU
		{1FF4C3F0-CB83-485A-86DE-DC90F315C629}.Release|Any CPU.Build.0 = Release|Any CPU
		{1FF4C3F0-CB83-485A-86DE-DC90F315C629}.Release|ARM64.ActiveCfg = Release|Any CPU
		{1FF4C3F0-CB83-485A-86DE-DC90F315C629}.Release|ARM64.Build.0 = Release|Any CPU
		{78E1ACD2-6551-48DD-AF24-8D522E65F454}.Debug|Any CPU.ActiveCfg = Debug|Any CPU
		{78E1ACD2-6551-48DD-AF24-8D522E65F454}.Debug|Any CPU.Build.0 = Debug|Any CPU
		{78E1ACD2-6551-48DD-AF24-8D522E65F454}.Debug|ARM64.ActiveCfg = Debug|Any CPU
		{78E1ACD2-6551-48DD-AF24-8D522E65F454}.Debug|ARM64.Build.0 = Debug|Any CPU
		{78E1ACD2-6551-48DD-AF24-8D522E65F454}.Release|Any CPU.ActiveCfg = Release|Any CPU
		{78E1ACD2-6551-48DD-AF24-8D522E65F454}.Release|Any CPU.Build.0 = Release|Any CPU
		{78E1ACD2-6551-48DD-AF24-8D522E65F454}.Release|ARM64.ActiveCfg = Release|Any CPU
		{78E1ACD2-6551-48DD-AF24-8D522E65F454}.Release|ARM64.Build.0 = Release|Any CPU
		{7E3FD4A1-1783-476C-A10C-53CB090B5071}.Debug|Any CPU.ActiveCfg = Debug|Any CPU
		{7E3FD4A1-1783-476C-A10C-53CB090B5071}.Debug|Any CPU.Build.0 = Debug|Any CPU
		{7E3FD4A1-1783-476C-A10C-53CB090B5071}.Debug|ARM64.ActiveCfg = Debug|Any CPU
		{7E3FD4A1-1783-476C-A10C-53CB090B5071}.Debug|ARM64.Build.0 = Debug|Any CPU
		{7E3FD4A1-1783-476C-A10C-53CB090B5071}.Release|Any CPU.ActiveCfg = Release|Any CPU
		{7E3FD4A1-1783-476C-A10C-53CB090B5071}.Release|Any CPU.Build.0 = Release|Any CPU
		{7E3FD4A1-1783-476C-A10C-53CB090B5071}.Release|ARM64.ActiveCfg = Release|Any CPU
		{7E3FD4A1-1783-476C-A10C-53CB090B5071}.Release|ARM64.Build.0 = Release|Any CPU
	EndGlobalSection
	GlobalSection(SolutionProperties) = preSolution
		HideSolutionNode = FALSE
	EndGlobalSection
	GlobalSection(ExtensibilityGlobals) = postSolution
		SolutionGuid = {6E45B425-AC15-451D-B0FD-4D43BF3176A7}
	EndGlobalSection
EndGlobal
