
Microsoft Visual Studio Solution File, Format Version 12.00
# Visual Studio Version 16
VisualStudioVersion = 16.0.30114.105
MinimumVisualStudioVersion = 10.0.40219.1
Project("{9A19103F-16F7-4668-BE54-9A1E7A4F7556}") = "Everyday.API", "Everyday.API\Everyday.API.csproj", "{5E43D5E2-C6AA-4BCE-8460-0E0ADD2E1DD5}"
EndProject
Project("{9A19103F-16F7-4668-BE54-9A1E7A4F7556}") = "Everyday.Core", "Everyday.Core\Everyday.Core.csproj", "{92398B78-77B2-458B-879D-10BA8026CDA9}"
EndProject
Project("{9A19103F-16F7-4668-BE54-9A1E7A4F7556}") = "Everyday.Data", "Everyday.Data\Everyday.Data.csproj", "{084045E2-43FE-48F7-A759-3EC8994FE19B}"
EndProject
Project("{9A19103F-16F7-4668-BE54-9A1E7A4F7556}") = "Everyday.Services", "Everyday.Services\Everyday.Services.csproj", "{0AE89BEF-CD94-43F1-8D9D-7CE8A05CFDC9}"
EndProject
Global
	GlobalSection(SolutionConfigurationPlatforms) = preSolution
		Debug|Any CPU = Debug|Any CPU
		Debug|ARM64 = Debug|ARM64
		Release|Any CPU = Release|Any CPU
		Release|ARM64 = Release|ARM64
	EndGlobalSection
	GlobalSection(ProjectConfigurationPlatforms) = postSolution
		{5E43D5E2-C6AA-4BCE-8460-0E0ADD2E1DD5}.Debug|Any CPU.ActiveCfg = Debug|Any CPU
		{5E43D5E2-C6AA-4BCE-8460-0E0ADD2E1DD5}.Debug|Any CPU.Build.0 = Debug|Any CPU
		{5E43D5E2-C6AA-4BCE-8460-0E0ADD2E1DD5}.Debug|ARM64.ActiveCfg = Debug|ARM64
		{5E43D5E2-C6AA-4BCE-8460-0E0ADD2E1DD5}.Debug|ARM64.Build.0 = Debug|ARM64
		{5E43D5E2-C6AA-4BCE-8460-0E0ADD2E1DD5}.Release|Any CPU.ActiveCfg = Release|Any CPU
		{5E43D5E2-C6AA-4BCE-8460-0E0ADD2E1DD5}.Release|Any CPU.Build.0 = Release|Any CPU
		{5E43D5E2-C6AA-4BCE-8460-0E0ADD2E1DD5}.Release|ARM64.ActiveCfg = Release|ARM64
		{5E43D5E2-C6AA-4BCE-8460-0E0ADD2E1DD5}.Release|ARM64.Build.0 = Release|ARM64
		{92398B78-77B2-458B-879D-10BA8026CDA9}.Debug|Any CPU.ActiveCfg = Debug|Any CPU
		{92398B78-77B2-458B-879D-10BA8026CDA9}.Debug|Any CPU.Build.0 = Debug|Any CPU
		{92398B78-77B2-458B-879D-10BA8026CDA9}.Debug|ARM64.ActiveCfg = Debug|ARM64
		{92398B78-77B2-458B-879D-10BA8026CDA9}.Debug|ARM64.Build.0 = Debug|ARM64
		{92398B78-77B2-458B-879D-10BA8026CDA9}.Release|Any CPU.ActiveCfg = Release|Any CPU
		{92398B78-77B2-458B-879D-10BA8026CDA9}.Release|Any CPU.Build.0 = Release|Any CPU
		{92398B78-77B2-458B-879D-10BA8026CDA9}.Release|ARM64.ActiveCfg = Release|ARM64
		{92398B78-77B2-458B-879D-10BA8026CDA9}.Release|ARM64.Build.0 = Release|ARM64
		{084045E2-43FE-48F7-A759-3EC8994FE19B}.Debug|Any CPU.ActiveCfg = Debug|Any CPU
		{084045E2-43FE-48F7-A759-3EC8994FE19B}.Debug|Any CPU.Build.0 = Debug|Any CPU
		{084045E2-43FE-48F7-A759-3EC8994FE19B}.Debug|ARM64.ActiveCfg = Debug|ARM64
		{084045E2-43FE-48F7-A759-3EC8994FE19B}.Debug|ARM64.Build.0 = Debug|ARM64
		{084045E2-43FE-48F7-A759-3EC8994FE19B}.Release|Any CPU.ActiveCfg = Release|Any CPU
		{084045E2-43FE-48F7-A759-3EC8994FE19B}.Release|Any CPU.Build.0 = Release|Any CPU
		{084045E2-43FE-48F7-A759-3EC8994FE19B}.Release|ARM64.ActiveCfg = Release|ARM64
		{084045E2-43FE-48F7-A759-3EC8994FE19B}.Release|ARM64.Build.0 = Release|ARM64
		{0AE89BEF-CD94-43F1-8D9D-7CE8A05CFDC9}.Debug|Any CPU.ActiveCfg = Debug|Any CPU
		{0AE89BEF-CD94-43F1-8D9D-7CE8A05CFDC9}.Debug|Any CPU.Build.0 = Debug|Any CPU
		{0AE89BEF-CD94-43F1-8D9D-7CE8A05CFDC9}.Debug|ARM64.ActiveCfg = Debug|ARM64
		{0AE89BEF-CD94-43F1-8D9D-7CE8A05CFDC9}.Debug|ARM64.Build.0 = Debug|ARM64
		{0AE89BEF-CD94-43F1-8D9D-7CE8A05CFDC9}.Release|Any CPU.ActiveCfg = Release|Any CPU
		{0AE89BEF-CD94-43F1-8D9D-7CE8A05CFDC9}.Release|Any CPU.Build.0 = Release|Any CPU
		{0AE89BEF-CD94-43F1-8D9D-7CE8A05CFDC9}.Release|ARM64.ActiveCfg = Release|ARM64
		{0AE89BEF-CD94-43F1-8D9D-7CE8A05CFDC9}.Release|ARM64.Build.0 = Release|ARM64
	EndGlobalSection
	GlobalSection(SolutionProperties) = preSolution
		HideSolutionNode = FALSE
	EndGlobalSection
	GlobalSection(ExtensibilityGlobals) = postSolution
		SolutionGuid = {6E45B425-AC15-451D-B0FD-4D43BF3176A7}
	EndGlobalSection
EndGlobal
